[[tools.go]]
version = "1.26.0"
backend = "core:go"
"platforms.linux-arm64" = { checksum = "sha256:bd03b743eb6eb4193ea3c3fd3956546bf0e3ca5b7076c8226334afe6b75704cd", url = "https://dl.google.com/go/go1.26.0.linux-arm64.tar.gz"}
"platforms.linux-x64" = { checksum = "sha256:aac1b08a0fb0c4e0a7c1555beb7b59180b05dfc5a3d62e40e9de90cd42f88235", url = "https://dl.google.com/go/go1.26.0.linux-amd64.tar.gz"}
"platforms.macos-arm64" = { checksum = "sha256:b1640525dfe68f066d56f200bef7bf4dce955a1a893bd061de6754c211431023", url = "https://dl.google.com/go/go1.26.0.darwin-arm64.tar.gz"}
"platforms.macos-x64" = { checksum = "sha256:1ca28b7703cbea05a65b2a1d92d6b308610ef92f8824578a0874f2e60c9d5a22", url = "https://dl.google.com/go/go1.26.0.darwin-amd64.tar.gz"}
"platforms.windows-x64" = { checksum = "sha256:9bbe0fc64236b2b51f6255c05c4232532b8ecc0e6d2e00950bd3021d8a4d07d4", url = "https://dl.google.com/go/go1.26.0.windows-amd64.zip"}

[[tools.golangci-lint]]
version = "2.10.1"
backend = "aqua:golangci/golangci-lint"
"platforms.linux-arm64" = { checksum = "sha256:6652b42ae02915eb2f9cb2a2e0cac99514c8eded8388d88ae3e06e1a52c00de8", url = "https://github.com/golangci/golangci-lint/releases/download/v2.10.1/golangci-lint-2.10.1-linux-arm64.tar.gz"}
"platforms.linux-x64" = { checksum = "sha256:dfa775874cf0561b404a02a8f4481fc69b28091da95aa697259820d429b09c99", url = "https://github.com/golangci/golangci-lint/releases/download/v2.10.1/golangci-lint-2.10.1-linux-amd64.tar.gz"}
"platforms.macos-arm64" = { checksum = "sha256:03bfadf67e52b441b7ec21305e501c717df93c959836d66c7f97312654acb297", url = "https://github.com/golangci/golangci-lint/releases/download/v2.10.1/golangci-lint-2.10.1-darwin-arm64.tar.gz"}
"platforms.macos-x64" = { checksum = "sha256:66fb0da81b8033b477f97eea420d4b46b230ca172b8bb87c6610109f3772b6b6", url = "https://github.com/golangci/golangci-lint/releases/download/v2.10.1/golangci-lint-2.10.1-darwin-amd64.tar.gz"}
"platforms.windows-x64" = { checksum = "sha256:c60c87695e79db8e320f0e5be885059859de52bb5ee5f11be5577828570bc2a3", url = "https://github.com/golangci/golangci-lint/releases/download/v2.10.1/golangci-lint-2.10.1-windows-amd64.zip"}

[[tools.just]]
version = "1.46.0"
backend = "aqua:casey/just"
"platforms.linux-arm64" = { checksum = "sha256:b81970c8247fa64cfb30d2a3da0e487e4253f9f2d01865ed5e7d53cdc7b02188", url = "https://github.com/casey/just/releases/download/1.46.0/just-1.46.0-aarch64-unknown-linux-musl.tar.gz"}
"platforms.linux-x64" = { checksum = "sha256:79966e6e353f535ee7d1c6221641bcc8e3381c55b0d0a6dc6e54b34f9db36eaa", url = "https://github.com/casey/just/releases/download/1.46.0/just-1.46.0-x86_64-unknown-linux-musl.tar.gz"}
"platforms.macos-arm64" = { checksum = "sha256:438eaf6468a115aa7db93e501cc7e3272f453f6b7083be3863adfab546b23358", url = "https://github.com/casey/just/releases/download/1.46.0/just-1.46.0-aarch64-apple-darwin.tar.gz"}
"platforms.macos-x64" = { checksum = "sha256:ec54dd60ac876261b7318f1852ef9c0319fede1e5a73c14f56d908a8edf595b8", url = "https://github.com/casey/just/releases/download/1.46.0/just-1.46.0-x86_64-apple-darwin.tar.gz"}
"platforms.windows-x64" = { checksum = "sha256:f0acf3f8ccbcf360b481baae9cae4c921774c89d5d932012481d3e0bda78ab39", url = "https://github.com/casey/just/releases/download/1.46.0/just-1.46.0-x86_64-pc-windows-msvc.zip"}

[[tools.prek]]
version = "0.3.4"
backend = "aqua:j178/prek"
"platforms.linux-arm64" = { checksum = "sha256:610df84f084300f084bf9ea572da9d1909607cf5f930aa78e29b68f408568d2c", url = "https://github.com/j178/prek/releases/download/v0.3.4/prek-aarch64-unknown-linux-musl.tar.gz"}
"platforms.linux-x64" = { checksum = "sha256:05466ec070a4f3324e800b396e049db3c6e80345c6ab0f4812cf56fc52ce066e", url = "https://github.com/j178/prek/releases/download/v0.3.4/prek-x86_64-unknown-linux-musl.tar.gz"}
"platforms.macos-arm64" = { checksum = "sha256:f0a416139eaf8753deb603993314077a3916099d23de67287086a21349151ef0", url = "https://github.com/j178/prek/releases/download/v0.3.4/prek-aarch64-apple-darwin.tar.gz"}
"platforms.macos-x64" = { checksum = "sha256:60a8d093012bcd40e8fec348450d75d8f5b09d85529f11fc5d606b84273b7978", url = "https://github.com/j178/prek/releases/download/v0.3.4/prek-x86_64-apple-darwin.tar.gz"}
"platforms.windows-x64" = { checksum = "sha256:21c6e119d58443a696bd585946a6fac8fa0b918a2d975f623157c3f72994a2f3", url = "https://github.com/j178/prek/releases/download/v0.3.4/prek-x86_64-pc-windows-msvc.zip"}
